
Microsoft Visual Studio Solution File, Format Version 12.00
# Visual Studio Version 17
VisualStudioVersion = 17.5.33424.131
MinimumVisualStudioVersion = 10.0.40219.1
Project("{FAE04EC0-301F-11D3-BF4B-00C04F79EFBC}") = "ConsoleHelpers", "ConsoleHelpers\ConsoleHelpers.csproj", "{369A64F0-FCFC-4232-BF36-BC636BDC3D20}"
EndProject
Global
	GlobalSection(SolutionConfigurationPlatforms) = preSolution
		Debug|Any CPU = Debug|Any CPU
		Release|Any CPU = Release|Any CPU
	EndGlobalSection
	GlobalSection(ProjectConfigurationPlatforms) = postSolution
		{369A64F0-FCFC-4232-BF36-BC636BDC3D20}.Debug|Any CPU.ActiveCfg = Debug|Any CPU
		{369A64F0-FCFC-4232-BF36-BC636BDC3D20}.Debug|Any CPU.Build.0 = Debug|Any CPU
		{369A64F0-FCFC-4232-BF36-BC636BDC3D20}.Release|Any CPU.ActiveCfg = Release|Any CPU
		{369A64F0-FCFC-4232-BF36-BC636BDC3D20}.Release|Any CPU.Build.0 = Release|Any CPU
	EndGlobalSection
	GlobalSection(SolutionProperties) = preSolution
		HideSolutionNode = FALSE
	EndGlobalSection
	GlobalSection(ExtensibilityGlobals) = postSolution
		SolutionGuid = {98553A2D-36E7-44E1-90FC-904DBD8CB749}
	EndGlobalSection
EndGlobal
